
Microsoft Visual Studio Solution File, Format Version 12.00
# Visual Studio 15
VisualStudioVersion = 15.0.28307.1259
MinimumVisualStudioVersion = 10.0.40219.1
Project("{888888A0-9F3D-457C-B088-3A5042F75D52}") = "PasswordClassification", "PasswordClassification\PasswordClassification.pyproj", "{043918DB-CCEB-451B-9A31-47879541671F}"
EndProject
Global
	GlobalSection(SolutionConfigurationPlatforms) = preSolution
		Debug|Any CPU = Debug|Any CPU
		Release|Any CPU = Release|Any CPU
	EndGlobalSection
	GlobalSection(ProjectConfigurationPlatforms) = postSolution
		{043918DB-CCEB-451B-9A31-47879541671F}.Debug|Any CPU.ActiveCfg = Debug|Any CPU
		{043918DB-CCEB-451B-9A31-47879541671F}.Release|Any CPU.ActiveCfg = Release|Any CPU
	EndGlobalSection
	GlobalSection(SolutionProperties) = preSolution
		HideSolutionNode = FALSE
	EndGlobalSection
	GlobalSection(ExtensibilityGlobals) = postSolution
		SolutionGuid = {5F79A42A-B729-47EE-995F-AE08752420D5}
	EndGlobalSection
EndGlobal
